
Microsoft Visual Studio Solution File, Format Version 12.00
# Visual Studio Version 16
VisualStudioVersion = 16.0.30114.105
MinimumVisualStudioVersion = 10.0.40219.1
Project("{FAE04EC0-301F-11D3-BF4B-00C04F79EFBC}") = "ToolKit", "ToolKit\ToolKit.csproj", "{A86F6089-CC37-4860-A8B0-F046E9FB291E}"
EndProject
Project("{FAE04EC0-301F-11D3-BF4B-00C04F79EFBC}") = "Tests.ToolKit", "Tests.ToolKit\Tests.ToolKit.csproj", "{77B28FC3-54B1-4E3E-8264-D1B0CC8BEA2E}"
EndProject
Project("{FAE04EC0-301F-11D3-BF4B-00C04F79EFBC}") = "OneOff", "OneOff\OneOff.csproj", "{3BD89CFF-7A9C-4CE9-9870-8F9DC15DAA69}"
EndProject
Project("{FAE04EC0-301F-11D3-BF4B-00C04F79EFBC}") = "ProxySpike", "ProxySpike\ProxySpike.csproj", "{EE9E8D43-A853-4941-B983-34B9625500DF}"
EndProject
Project("{FAE04EC0-301F-11D3-BF4B-00C04F79EFBC}") = "SampleDocker", "SampleDocker\SampleDocker.csproj", "{69B8BA08-C5C3-4AB4-9FB5-FAE8C3C273CA}"
EndProject
Project("{FAE04EC0-301F-11D3-BF4B-00C04F79EFBC}") = "OneOffLib", "OneOffLib\OneOffLib.csproj", "{9DD986DA-614E-412D-B1E5-B3AC0F2D0EAD}"
EndProject
Project("{FAE04EC0-301F-11D3-BF4B-00C04F79EFBC}") = "Toolkit.WebServer", "Toolkit.WebServer\Toolkit.WebServer.csproj", "{9A922FC7-57D1-4663-9B24-0B65A6F08D37}"
EndProject
Project("{FAE04EC0-301F-11D3-BF4B-00C04F79EFBC}") = "OneOffToolkitOnly", "OneOffToolkitOnly\OneOffToolkitOnly.csproj", "{7F9F9C01-5813-485C-836B-05080EA9B538}"
EndProject
Global
	GlobalSection(SolutionConfigurationPlatforms) = preSolution
		Debug|Any CPU = Debug|Any CPU
		Release|Any CPU = Release|Any CPU
	EndGlobalSection
	GlobalSection(SolutionProperties) = preSolution
		HideSolutionNode = FALSE
	EndGlobalSection
	GlobalSection(ProjectConfigurationPlatforms) = postSolution
		{A86F6089-CC37-4860-A8B0-F046E9FB291E}.Debug|Any CPU.ActiveCfg = Debug|Any CPU
		{A86F6089-CC37-4860-A8B0-F046E9FB291E}.Debug|Any CPU.Build.0 = Debug|Any CPU
		{A86F6089-CC37-4860-A8B0-F046E9FB291E}.Release|Any CPU.ActiveCfg = Release|Any CPU
		{A86F6089-CC37-4860-A8B0-F046E9FB291E}.Release|Any CPU.Build.0 = Release|Any CPU
		{77B28FC3-54B1-4E3E-8264-D1B0CC8BEA2E}.Debug|Any CPU.ActiveCfg = Debug|Any CPU
		{77B28FC3-54B1-4E3E-8264-D1B0CC8BEA2E}.Debug|Any CPU.Build.0 = Debug|Any CPU
		{77B28FC3-54B1-4E3E-8264-D1B0CC8BEA2E}.Release|Any CPU.ActiveCfg = Release|Any CPU
		{77B28FC3-54B1-4E3E-8264-D1B0CC8BEA2E}.Release|Any CPU.Build.0 = Release|Any CPU
		{3BD89CFF-7A9C-4CE9-9870-8F9DC15DAA69}.Debug|Any CPU.ActiveCfg = Debug|Any CPU
		{3BD89CFF-7A9C-4CE9-9870-8F9DC15DAA69}.Debug|Any CPU.Build.0 = Debug|Any CPU
		{3BD89CFF-7A9C-4CE9-9870-8F9DC15DAA69}.Release|Any CPU.ActiveCfg = Release|Any CPU
		{3BD89CFF-7A9C-4CE9-9870-8F9DC15DAA69}.Release|Any CPU.Build.0 = Release|Any CPU
		{EE9E8D43-A853-4941-B983-34B9625500DF}.Debug|Any CPU.ActiveCfg = Debug|Any CPU
		{EE9E8D43-A853-4941-B983-34B9625500DF}.Debug|Any CPU.Build.0 = Debug|Any CPU
		{EE9E8D43-A853-4941-B983-34B9625500DF}.Release|Any CPU.ActiveCfg = Release|Any CPU
		{EE9E8D43-A853-4941-B983-34B9625500DF}.Release|Any CPU.Build.0 = Release|Any CPU
		{69B8BA08-C5C3-4AB4-9FB5-FAE8C3C273CA}.Debug|Any CPU.ActiveCfg = Debug|Any CPU
		{69B8BA08-C5C3-4AB4-9FB5-FAE8C3C273CA}.Debug|Any CPU.Build.0 = Debug|Any CPU
		{69B8BA08-C5C3-4AB4-9FB5-FAE8C3C273CA}.Release|Any CPU.ActiveCfg = Release|Any CPU
		{69B8BA08-C5C3-4AB4-9FB5-FAE8C3C273CA}.Release|Any CPU.Build.0 = Release|Any CPU
		{9DD986DA-614E-412D-B1E5-B3AC0F2D0EAD}.Debug|Any CPU.ActiveCfg = Debug|Any CPU
		{9DD986DA-614E-412D-B1E5-B3AC0F2D0EAD}.Debug|Any CPU.Build.0 = Debug|Any CPU
		{9DD986DA-614E-412D-B1E5-B3AC0F2D0EAD}.Release|Any CPU.ActiveCfg = Release|Any CPU
		{9DD986DA-614E-412D-B1E5-B3AC0F2D0EAD}.Release|Any CPU.Build.0 = Release|Any CPU
		{9A922FC7-57D1-4663-9B24-0B65A6F08D37}.Debug|Any CPU.ActiveCfg = Debug|Any CPU
		{9A922FC7-57D1-4663-9B24-0B65A6F08D37}.Debug|Any CPU.Build.0 = Debug|Any CPU
		{9A922FC7-57D1-4663-9B24-0B65A6F08D37}.Release|Any CPU.ActiveCfg = Release|Any CPU
		{9A922FC7-57D1-4663-9B24-0B65A6F08D37}.Release|Any CPU.Build.0 = Release|Any CPU
		{7F9F9C01-5813-485C-836B-05080EA9B538}.Debug|Any CPU.ActiveCfg = Debug|Any CPU
		{7F9F9C01-5813-485C-836B-05080EA9B538}.Debug|Any CPU.Build.0 = Debug|Any CPU
		{7F9F9C01-5813-485C-836B-05080EA9B538}.Release|Any CPU.ActiveCfg = Release|Any CPU
		{7F9F9C01-5813-485C-836B-05080EA9B538}.Release|Any CPU.Build.0 = Release|Any CPU
	EndGlobalSection
EndGlobal
